
Microsoft Visual Studio Solution File, Format Version 12.00
# Visual Studio Version 17
VisualStudioVersion = 17.1.32210.238
MinimumVisualStudioVersion = 10.0.40219.1
Project("{FAE04EC0-301F-11D3-BF4B-00C04F79EFBC}") = "lab5", "lab5\lab5.csproj", "{23ADC08A-EBC3-4562-9479-DE9702418A23}"
EndProject
Project("{FAE04EC0-301F-11D3-BF4B-00C04F79EFBC}") = "Podaci", "Podaci\Podaci.csproj", "{76DE2D36-8D80-4EBA-8924-1B91E8EF5EB7}"
EndProject
Project("{FAE04EC0-301F-11D3-BF4B-00C04F79EFBC}") = "Serijalizacija", "Serijalizacija\Serijalizacija.csproj", "{05841A20-E405-470C-A944-0A12568AF2DF}"
EndProject
Global
	GlobalSection(SolutionConfigurationPlatforms) = preSolution
		Debug|Any CPU = Debug|Any CPU
		Release|Any CPU = Release|Any CPU
	EndGlobalSection
	GlobalSection(ProjectConfigurationPlatforms) = postSolution
		{23ADC08A-EBC3-4562-9479-DE9702418A23}.Debug|Any CPU.ActiveCfg = Debug|Any CPU
		{23ADC08A-EBC3-4562-9479-DE9702418A23}.Debug|Any CPU.Build.0 = Debug|Any CPU
		{23ADC08A-EBC3-4562-9479-DE9702418A23}.Release|Any CPU.ActiveCfg = Release|Any CPU
		{23ADC08A-EBC3-4562-9479-DE9702418A23}.Release|Any CPU.Build.0 = Release|Any CPU
		{76DE2D36-8D80-4EBA-8924-1B91E8EF5EB7}.Debug|Any CPU.ActiveCfg = Debug|Any CPU
		{76DE2D36-8D80-4EBA-8924-1B91E8EF5EB7}.Debug|Any CPU.Build.0 = Debug|Any CPU
		{76DE2D36-8D80-4EBA-8924-1B91E8EF5EB7}.Release|Any CPU.ActiveCfg = Release|Any CPU
		{76DE2D36-8D80-4EBA-8924-1B91E8EF5EB7}.Release|Any CPU.Build.0 = Release|Any CPU
		{05841A20-E405-470C-A944-0A12568AF2DF}.Debug|Any CPU.ActiveCfg = Debug|Any CPU
		{05841A20-E405-470C-A944-0A12568AF2DF}.Debug|Any CPU.Build.0 = Debug|Any CPU
		{05841A20-E405-470C-A944-0A12568AF2DF}.Release|Any CPU.ActiveCfg = Release|Any CPU
		{05841A20-E405-470C-A944-0A12568AF2DF}.Release|Any CPU.Build.0 = Release|Any CPU
	EndGlobalSection
	GlobalSection(SolutionProperties) = preSolution
		HideSolutionNode = FALSE
	EndGlobalSection
	GlobalSection(ExtensibilityGlobals) = postSolution
		SolutionGuid = {722D132E-0545-4614-9C13-CD10036A80C3}
	EndGlobalSection
EndGlobal
